
Microsoft Visual Studio Solution File, Format Version 12.00
# Visual Studio Version 17
VisualStudioVersion = 17.0.32112.339
MinimumVisualStudioVersion = 10.0.40219.1
Project("{FAE04EC0-301F-11D3-BF4B-00C04F79EFBC}") = "ASPNET2", "ASPNET2.csproj", "{261336CE-1479-46C5-B856-6ACEC407D3C3}"
EndProject
Global
	GlobalSection(SolutionConfigurationPlatforms) = preSolution
		Debug|Any CPU = Debug|Any CPU
		Release|Any CPU = Release|Any CPU
	EndGlobalSection
	GlobalSection(ProjectConfigurationPlatforms) = postSolution
		{261336CE-1479-46C5-B856-6ACEC407D3C3}.Debug|Any CPU.ActiveCfg = Debug|Any CPU
		{261336CE-1479-46C5-B856-6ACEC407D3C3}.Debug|Any CPU.Build.0 = Debug|Any CPU
		{261336CE-1479-46C5-B856-6ACEC407D3C3}.Release|Any CPU.ActiveCfg = Release|Any CPU
		{261336CE-1479-46C5-B856-6ACEC407D3C3}.Release|Any CPU.Build.0 = Release|Any CPU
	EndGlobalSection
	GlobalSection(SolutionProperties) = preSolution
		HideSolutionNode = FALSE
	EndGlobalSection
	GlobalSection(ExtensibilityGlobals) = postSolution
		SolutionGuid = {04B57664-4B8B-4FCA-A101-6AA0AF3B6FEC}
	EndGlobalSection
EndGlobal
